{
  "nodes": {
    "nixpkgs": {
      "locked": {
        "lastModified": 1689973764,
        "narHash": "sha256-yUmRsJTrsEoG703Yah+xEh0TBTUP/v4kRUz5eupvv6M=",
        "owner": "NixOS",
        "repo": "nixpkgs",
        "rev": "cea25d0af352814b9d8352730bf56dc640ebd190",
        "type": "github"
      },
      "original": {
        "owner": "NixOS",
        "repo": "nixpkgs",
        "type": "github"
      }
    },
    "root": {
      "inputs": {
        "nixpkgs": "nixpkgs"
      }
    }
  },
  "root": "root",
  "version": 7
}
